{
  "nodes": {
    "home-manager": {
      "inputs": {
        "nixpkgs": [
          "nixpkgs"
        ]
      },
      "locked": {
        "lastModified": 1692448348,
        "narHash": "sha256-/Wy9Bzw59A5OD82S9dWHshg+wiSzJNh95hPXNhO5K7E=",
        "owner": "nix-community",
        "repo": "home-manager",
        "rev": "bdb5bcad01ff7332fdcf4b128211e81905113f84",
        "type": "github"
      },
      "original": {
        "owner": "nix-community",
        "repo": "home-manager",
        "type": "github"
      }
    },
    "hyprwm-contrib": {
      "inputs": {
        "nixpkgs": [
          "nixpkgs"
        ]
      },
      "locked": {
        "lastModified": 1690635289,
        "narHash": "sha256-ec77Yf7mqusmGkxrmYXEG4D0DqEcNRA3vFextWVQOVA=",
        "owner": "hyprwm",
        "repo": "contrib",
        "rev": "bef073cff65917ba2d888aa4dc39bd9868e2b0a4",
        "type": "github"
      },
      "original": {
        "owner": "hyprwm",
        "repo": "contrib",
        "type": "github"
      }
    },
    "nixpkgs": {
      "locked": {
        "lastModified": 1692356644,
        "narHash": "sha256-AYkPFT+CbCVSBmh0WwIzPpwhEJ4Yy3A7JZvUkGJIg5o=",
        "owner": "NixOS",
        "repo": "nixpkgs",
        "rev": "8ecc900b2f695d74dea35a92f8a9f9b32c8ea33d",
        "type": "github"
      },
      "original": {
        "id": "nixpkgs",
        "ref": "nixos-unstable",
        "type": "indirect"
      }
    },
    "root": {
      "inputs": {
        "home-manager": "home-manager",
        "hyprwm-contrib": "hyprwm-contrib",
        "nixpkgs": "nixpkgs"
      }
    }
  },
  "root": "root",
  "version": 7
}
